
Microsoft Visual Studio Solution File, Format Version 12.00
# Visual Studio Version 17
VisualStudioVersion = 17.14.36518.9 d17.14
MinimumVisualStudioVersion = 10.0.40219.1
Project("{FAE04EC0-301F-11D3-BF4B-00C04F79EFBC}") = "ProductApi.Application", "ProductApi.Application\ProductApi.Application.csproj", "{5C459116-96E5-4283-9CCB-4CDF5A9E1EC4}"
EndProject
Project("{FAE04EC0-301F-11D3-BF4B-00C04F79EFBC}") = "ProductApi.Domain", "ProductApi.Domain\ProductApi.Domain.csproj", "{5806894A-B232-4188-9EFF-1D3BB78AE326}"
EndProject
Project("{FAE04EC0-301F-11D3-BF4B-00C04F79EFBC}") = "ProductApi.Infrastructure", "ProductApi.Infrastructure\ProductApi.Infrastructure.csproj", "{D0C850E1-1134-44F8-9390-C8FB9A1F0C6B}"
EndProject
Project("{FAE04EC0-301F-11D3-BF4B-00C04F79EFBC}") = "ProductApi.Presentation", "ProductApi.Presentation\ProductApi.Presentation.csproj", "{11DE8A21-A781-4FE8-B1B1-340C8D0DF26B}"
EndProject
Project("{FAE04EC0-301F-11D3-BF4B-00C04F79EFBC}") = "E-CommerceSharedLibrary", "..\E-CommerceSharedLibrary\E-CommerceSharedLibrary.csproj", "{CB03F76C-8889-3DD7-EE68-B650EAF77403}"
EndProject
Global
	GlobalSection(SolutionConfigurationPlatforms) = preSolution
		Debug|Any CPU = Debug|Any CPU
		Release|Any CPU = Release|Any CPU
	EndGlobalSection
	GlobalSection(ProjectConfigurationPlatforms) = postSolution
		{5C459116-96E5-4283-9CCB-4CDF5A9E1EC4}.Debug|Any CPU.ActiveCfg = Debug|Any CPU
		{5C459116-96E5-4283-9CCB-4CDF5A9E1EC4}.Debug|Any CPU.Build.0 = Debug|Any CPU
		{5C459116-96E5-4283-9CCB-4CDF5A9E1EC4}.Release|Any CPU.ActiveCfg = Release|Any CPU
		{5C459116-96E5-4283-9CCB-4CDF5A9E1EC4}.Release|Any CPU.Build.0 = Release|Any CPU
		{5806894A-B232-4188-9EFF-1D3BB78AE326}.Debug|Any CPU.ActiveCfg = Debug|Any CPU
		{5806894A-B232-4188-9EFF-1D3BB78AE326}.Debug|Any CPU.Build.0 = Debug|Any CPU
		{5806894A-B232-4188-9EFF-1D3BB78AE326}.Release|Any CPU.ActiveCfg = Release|Any CPU
		{5806894A-B232-4188-9EFF-1D3BB78AE326}.Release|Any CPU.Build.0 = Release|Any CPU
		{D0C850E1-1134-44F8-9390-C8FB9A1F0C6B}.Debug|Any CPU.ActiveCfg = Debug|Any CPU
		{D0C850E1-1134-44F8-9390-C8FB9A1F0C6B}.Debug|Any CPU.Build.0 = Debug|Any CPU
		{D0C850E1-1134-44F8-9390-C8FB9A1F0C6B}.Release|Any CPU.ActiveCfg = Release|Any CPU
		{D0C850E1-1134-44F8-9390-C8FB9A1F0C6B}.Release|Any CPU.Build.0 = Release|Any CPU
		{11DE8A21-A781-4FE8-B1B1-340C8D0DF26B}.Debug|Any CPU.ActiveCfg = Debug|Any CPU
		{11DE8A21-A781-4FE8-B1B1-340C8D0DF26B}.Debug|Any CPU.Build.0 = Debug|Any CPU
		{11DE8A21-A781-4FE8-B1B1-340C8D0DF26B}.Release|Any CPU.ActiveCfg = Release|Any CPU
		{11DE8A21-A781-4FE8-B1B1-340C8D0DF26B}.Release|Any CPU.Build.0 = Release|Any CPU
		{CB03F76C-8889-3DD7-EE68-B650EAF77403}.Debug|Any CPU.ActiveCfg = Debug|Any CPU
		{CB03F76C-8889-3DD7-EE68-B650EAF77403}.Debug|Any CPU.Build.0 = Debug|Any CPU
		{CB03F76C-8889-3DD7-EE68-B650EAF77403}.Release|Any CPU.ActiveCfg = Release|Any CPU
		{CB03F76C-8889-3DD7-EE68-B650EAF77403}.Release|Any CPU.Build.0 = Release|Any CPU
	EndGlobalSection
	GlobalSection(SolutionProperties) = preSolution
		HideSolutionNode = FALSE
	EndGlobalSection
	GlobalSection(ExtensibilityGlobals) = postSolution
		SolutionGuid = {8A2CA6B2-9635-41C9-A04C-90334674C900}
	EndGlobalSection
EndGlobal
